
Microsoft Visual Studio Solution File, Format Version 12.00
# Visual Studio Version 17
VisualStudioVersion = 17.7.34009.444
MinimumVisualStudioVersion = 10.0.40219.1
Project("{FAE04EC0-301F-11D3-BF4B-00C04F79EFBC}") = "Assignment01_Ques07", "Assignment01_Ques07\Assignment01_Ques07.csproj", "{459EF84B-F35D-4C21-8494-47A27B573FD3}"
EndProject
Global
	GlobalSection(SolutionConfigurationPlatforms) = preSolution
		Debug|Any CPU = Debug|Any CPU
		Release|Any CPU = Release|Any CPU
	EndGlobalSection
	GlobalSection(ProjectConfigurationPlatforms) = postSolution
		{459EF84B-F35D-4C21-8494-47A27B573FD3}.Debug|Any CPU.ActiveCfg = Debug|Any CPU
		{459EF84B-F35D-4C21-8494-47A27B573FD3}.Debug|Any CPU.Build.0 = Debug|Any CPU
		{459EF84B-F35D-4C21-8494-47A27B573FD3}.Release|Any CPU.ActiveCfg = Release|Any CPU
		{459EF84B-F35D-4C21-8494-47A27B573FD3}.Release|Any CPU.Build.0 = Release|Any CPU
	EndGlobalSection
	GlobalSection(SolutionProperties) = preSolution
		HideSolutionNode = FALSE
	EndGlobalSection
	GlobalSection(ExtensibilityGlobals) = postSolution
		SolutionGuid = {BF890BB5-700E-49B7-A1E9-CB56E35F8BD7}
	EndGlobalSection
EndGlobal
