
Microsoft Visual Studio Solution File, Format Version 12.00
# Visual Studio Version 17
VisualStudioVersion = 17.7.34009.444
MinimumVisualStudioVersion = 10.0.40219.1
Project("{FAE04EC0-301F-11D3-BF4B-00C04F79EFBC}") = "Assignment1_Ques2", "Assignment1_Ques2\Assignment1_Ques2.csproj", "{7DD8FCC2-FD87-4CF7-B175-19775A92CCA3}"
EndProject
Global
	GlobalSection(SolutionConfigurationPlatforms) = preSolution
		Debug|Any CPU = Debug|Any CPU
		Release|Any CPU = Release|Any CPU
	EndGlobalSection
	GlobalSection(ProjectConfigurationPlatforms) = postSolution
		{7DD8FCC2-FD87-4CF7-B175-19775A92CCA3}.Debug|Any CPU.ActiveCfg = Debug|Any CPU
		{7DD8FCC2-FD87-4CF7-B175-19775A92CCA3}.Debug|Any CPU.Build.0 = Debug|Any CPU
		{7DD8FCC2-FD87-4CF7-B175-19775A92CCA3}.Release|Any CPU.ActiveCfg = Release|Any CPU
		{7DD8FCC2-FD87-4CF7-B175-19775A92CCA3}.Release|Any CPU.Build.0 = Release|Any CPU
	EndGlobalSection
	GlobalSection(SolutionProperties) = preSolution
		HideSolutionNode = FALSE
	EndGlobalSection
	GlobalSection(ExtensibilityGlobals) = postSolution
		SolutionGuid = {906600F2-828A-4B94-A34E-8320EF3D765C}
	EndGlobalSection
EndGlobal
