
Microsoft Visual Studio Solution File, Format Version 12.00
# Visual Studio Version 17
VisualStudioVersion = 17.7.34009.444
MinimumVisualStudioVersion = 10.0.40219.1
Project("{FAE04EC0-301F-11D3-BF4B-00C04F79EFBC}") = "Assignment1_Ques8", "Assignment1_Ques8\Assignment1_Ques8.csproj", "{D2EEE190-4930-450B-AEA5-38F1F2592821}"
EndProject
Global
	GlobalSection(SolutionConfigurationPlatforms) = preSolution
		Debug|Any CPU = Debug|Any CPU
		Release|Any CPU = Release|Any CPU
	EndGlobalSection
	GlobalSection(ProjectConfigurationPlatforms) = postSolution
		{D2EEE190-4930-450B-AEA5-38F1F2592821}.Debug|Any CPU.ActiveCfg = Debug|Any CPU
		{D2EEE190-4930-450B-AEA5-38F1F2592821}.Debug|Any CPU.Build.0 = Debug|Any CPU
		{D2EEE190-4930-450B-AEA5-38F1F2592821}.Release|Any CPU.ActiveCfg = Release|Any CPU
		{D2EEE190-4930-450B-AEA5-38F1F2592821}.Release|Any CPU.Build.0 = Release|Any CPU
	EndGlobalSection
	GlobalSection(SolutionProperties) = preSolution
		HideSolutionNode = FALSE
	EndGlobalSection
	GlobalSection(ExtensibilityGlobals) = postSolution
		SolutionGuid = {BDE2EC83-B353-43EE-A4F9-8E264407DF51}
	EndGlobalSection
EndGlobal
